DEPENDENCIES
  database
  git
  java
  postgresql
  postgresql_config
    path: site-cookbooks/postgresql_config
  tomcat
    git: git://github.com/chef-cookbooks/tomcat.git
    revision: 4340e7c8691fbc91293c042c92a8f0746db472e1

GRAPH
  apt (2.8.2)
  build-essential (2.2.3)
  chef-sugar (3.1.1)
  chef_handler (1.2.0)
  database (4.0.9)
    postgresql (>= 1.0.0)
  dmg (2.2.2)
  git (4.3.4)
    build-essential (>= 0.0.0)
    dmg (>= 0.0.0)
    windows (>= 0.0.0)
    yum-epel (>= 0.0.0)
  java (1.35.0)
  openssl (4.0.0)
    chef-sugar (>= 0.0.0)
  postgresql (3.4.20)
    apt (>= 1.9.0)
    build-essential (>= 0.0.0)
    openssl (~> 4.0.0)
  postgresql_config (0.1.0)
  tomcat (0.17.3)
    java (>= 0.0.0)
    openssl (>= 0.0.0)
    yum-epel (>= 0.0.0)
  windows (1.38.1)
    chef_handler (>= 0.0.0)
  yum (3.7.1)
  yum-epel (0.6.3)
    yum (~> 3.2)
